
Microsoft Visual Studio Solution File, Format Version 12.00
Project("{FAE04EC0-301F-11D3-BF4B-00C04F79EFBC}") = "AvalonHttp", "AvalonHttp\AvalonHttp.csproj", "{84B0F923-6FF6-46B3-902E-557C51E23B72}"
EndProject
Project("{2150E333-8FDC-42A3-9474-1A3956D46DE8}") = "src", "src", "{A9ABD36D-799F-4218-B4EF-E414D2815590}"
EndProject
Project("{2150E333-8FDC-42A3-9474-1A3956D46DE8}") = "tests", "tests", "{51D51062-0E7C-46FB-95E1-3DD3B9B8F944}"
EndProject
Project("{FAE04EC0-301F-11D3-BF4B-00C04F79EFBC}") = "AvalonHttpTests", "AvalonHttpTests\AvalonHttpTests.csproj", "{E43D4DDF-2033-4935-843C-2B61A0DF2D8A}"
EndProject
Global
	GlobalSection(SolutionConfigurationPlatforms) = preSolution
		Debug|Any CPU = Debug|Any CPU
		Release|Any CPU = Release|Any CPU
	EndGlobalSection
	GlobalSection(ProjectConfigurationPlatforms) = postSolution
		{84B0F923-6FF6-46B3-902E-557C51E23B72}.Debug|Any CPU.ActiveCfg = Debug|Any CPU
		{84B0F923-6FF6-46B3-902E-557C51E23B72}.Debug|Any CPU.Build.0 = Debug|Any CPU
		{84B0F923-6FF6-46B3-902E-557C51E23B72}.Release|Any CPU.ActiveCfg = Release|Any CPU
		{84B0F923-6FF6-46B3-902E-557C51E23B72}.Release|Any CPU.Build.0 = Release|Any CPU
		{E43D4DDF-2033-4935-843C-2B61A0DF2D8A}.Debug|Any CPU.ActiveCfg = Debug|Any CPU
		{E43D4DDF-2033-4935-843C-2B61A0DF2D8A}.Debug|Any CPU.Build.0 = Debug|Any CPU
		{E43D4DDF-2033-4935-843C-2B61A0DF2D8A}.Release|Any CPU.ActiveCfg = Release|Any CPU
		{E43D4DDF-2033-4935-843C-2B61A0DF2D8A}.Release|Any CPU.Build.0 = Release|Any CPU
	EndGlobalSection
	GlobalSection(NestedProjects) = preSolution
		{84B0F923-6FF6-46B3-902E-557C51E23B72} = {A9ABD36D-799F-4218-B4EF-E414D2815590}
		{E43D4DDF-2033-4935-843C-2B61A0DF2D8A} = {51D51062-0E7C-46FB-95E1-3DD3B9B8F944}
	EndGlobalSection
EndGlobal
